
Microsoft Visual Studio Solution File, Format Version 12.00
Project("{FAE04EC0-301F-11D3-BF4B-00C04F79EFBC}") = "ConsoleApp1", "ConsoleApp1.csproj", "{024BE194-8BB5-474C-BEC0-40FB222FB803}"
EndProject
Project("{FAE04EC0-301F-11D3-BF4B-00C04F79EFBC}") = "ExportTable", "ExportTable\ExportTable\ExportTable.csproj", "{DEE17C1F-9012-44BA-B99A-DEFBE208B23C}"
EndProject
Global
	GlobalSection(SolutionConfigurationPlatforms) = preSolution
		Debug|Any CPU = Debug|Any CPU
		Release|Any CPU = Release|Any CPU
	EndGlobalSection
	GlobalSection(ProjectConfigurationPlatforms) = postSolution
		{024BE194-8BB5-474C-BEC0-40FB222FB803}.Debug|Any CPU.ActiveCfg = Debug|Any CPU
		{024BE194-8BB5-474C-BEC0-40FB222FB803}.Debug|Any CPU.Build.0 = Debug|Any CPU
		{024BE194-8BB5-474C-BEC0-40FB222FB803}.Release|Any CPU.ActiveCfg = Release|Any CPU
		{024BE194-8BB5-474C-BEC0-40FB222FB803}.Release|Any CPU.Build.0 = Release|Any CPU
		{DEE17C1F-9012-44BA-B99A-DEFBE208B23C}.Debug|Any CPU.ActiveCfg = Debug|Any CPU
		{DEE17C1F-9012-44BA-B99A-DEFBE208B23C}.Debug|Any CPU.Build.0 = Debug|Any CPU
		{DEE17C1F-9012-44BA-B99A-DEFBE208B23C}.Release|Any CPU.ActiveCfg = Release|Any CPU
		{DEE17C1F-9012-44BA-B99A-DEFBE208B23C}.Release|Any CPU.Build.0 = Release|Any CPU
	EndGlobalSection
EndGlobal
